
Microsoft Visual Studio Solution File, Format Version 12.00
Project("{FAE04EC0-301F-11D3-BF4B-00C04F79EFBC}") = "API", "API\API.csproj", "{79EAEAA3-5732-4DA2-B5BC-5ABAE1B6EAEA}"
EndProject
Project("{FAE04EC0-301F-11D3-BF4B-00C04F79EFBC}") = "DAL", "DAL\DAL.csproj", "{6188D2B8-22C2-4DA2-ADE8-A62CEAD1B6FA}"
EndProject
Project("{FAE04EC0-301F-11D3-BF4B-00C04F79EFBC}") = "BL", "BL\BL.csproj", "{7E4C49A3-E2F4-44F2-82B0-78237D35E350}"
EndProject
Project("{FAE04EC0-301F-11D3-BF4B-00C04F79EFBC}") = "Domain", "Domain\Domain.csproj", "{852A567E-656A-4EB3-8F75-A0206228F3C6}"
EndProject
Project("{FAE04EC0-301F-11D3-BF4B-00C04F79EFBC}") = "EventProcessor", "EventProcessor\EventProcessor.csproj", "{FDE31E97-BD00-403D-B74E-670924D91782}"
EndProject
Project("{2150E333-8FDC-42A3-9474-1A3956D46DE8}") = "Solution Items", "Solution Items", "{4958850B-C104-4F79-9468-D3BD8ED4211C}"
	ProjectSection(SolutionItems) = preProject
		docker-compose.yml = docker-compose.yml
	EndProjectSection
EndProject
Project("{FAE04EC0-301F-11D3-BF4B-00C04F79EFBC}") = "Shared", "Shared\Shared.csproj", "{B59D88A7-A30E-43CA-B737-502F6875B839}"
EndProject
Global
	GlobalSection(SolutionConfigurationPlatforms) = preSolution
		Debug|Any CPU = Debug|Any CPU
		Release|Any CPU = Release|Any CPU
	EndGlobalSection
	GlobalSection(ProjectConfigurationPlatforms) = postSolution
		{79EAEAA3-5732-4DA2-B5BC-5ABAE1B6EAEA}.Debug|Any CPU.ActiveCfg = Debug|Any CPU
		{79EAEAA3-5732-4DA2-B5BC-5ABAE1B6EAEA}.Debug|Any CPU.Build.0 = Debug|Any CPU
		{79EAEAA3-5732-4DA2-B5BC-5ABAE1B6EAEA}.Release|Any CPU.ActiveCfg = Release|Any CPU
		{79EAEAA3-5732-4DA2-B5BC-5ABAE1B6EAEA}.Release|Any CPU.Build.0 = Release|Any CPU
		{6188D2B8-22C2-4DA2-ADE8-A62CEAD1B6FA}.Debug|Any CPU.ActiveCfg = Debug|Any CPU
		{6188D2B8-22C2-4DA2-ADE8-A62CEAD1B6FA}.Debug|Any CPU.Build.0 = Debug|Any CPU
		{6188D2B8-22C2-4DA2-ADE8-A62CEAD1B6FA}.Release|Any CPU.ActiveCfg = Release|Any CPU
		{6188D2B8-22C2-4DA2-ADE8-A62CEAD1B6FA}.Release|Any CPU.Build.0 = Release|Any CPU
		{7E4C49A3-E2F4-44F2-82B0-78237D35E350}.Debug|Any CPU.ActiveCfg = Debug|Any CPU
		{7E4C49A3-E2F4-44F2-82B0-78237D35E350}.Debug|Any CPU.Build.0 = Debug|Any CPU
		{7E4C49A3-E2F4-44F2-82B0-78237D35E350}.Release|Any CPU.ActiveCfg = Release|Any CPU
		{7E4C49A3-E2F4-44F2-82B0-78237D35E350}.Release|Any CPU.Build.0 = Release|Any CPU
		{852A567E-656A-4EB3-8F75-A0206228F3C6}.Debug|Any CPU.ActiveCfg = Debug|Any CPU
		{852A567E-656A-4EB3-8F75-A0206228F3C6}.Debug|Any CPU.Build.0 = Debug|Any CPU
		{852A567E-656A-4EB3-8F75-A0206228F3C6}.Release|Any CPU.ActiveCfg = Release|Any CPU
		{852A567E-656A-4EB3-8F75-A0206228F3C6}.Release|Any CPU.Build.0 = Release|Any CPU
		{FDE31E97-BD00-403D-B74E-670924D91782}.Debug|Any CPU.ActiveCfg = Debug|Any CPU
		{FDE31E97-BD00-403D-B74E-670924D91782}.Debug|Any CPU.Build.0 = Debug|Any CPU
		{FDE31E97-BD00-403D-B74E-670924D91782}.Release|Any CPU.ActiveCfg = Release|Any CPU
		{FDE31E97-BD00-403D-B74E-670924D91782}.Release|Any CPU.Build.0 = Release|Any CPU
		{B59D88A7-A30E-43CA-B737-502F6875B839}.Debug|Any CPU.ActiveCfg = Debug|Any CPU
		{B59D88A7-A30E-43CA-B737-502F6875B839}.Debug|Any CPU.Build.0 = Debug|Any CPU
		{B59D88A7-A30E-43CA-B737-502F6875B839}.Release|Any CPU.ActiveCfg = Release|Any CPU
		{B59D88A7-A30E-43CA-B737-502F6875B839}.Release|Any CPU.Build.0 = Release|Any CPU
	EndGlobalSection
EndGlobal
